github.com/dchote/go-openal v0.0.0-20171116030048-f4a9a141d372 h1:tz3KnXWtRZR0RWOfcMNOw+HHezWLQa7vfSOWTtKjchI=
github.com/dchote/go-openal v0.0.0-20171116030048-f4a9a141d372/go.mod h1:74z+CYu2/mx4N+mcIS/rsvfAxBPBV9uv8zRAnwyFkdI=
github.com/golang/protobuf v1.3.1 h1:YF8+flBXS5eO826T4nzqPrxfhQThhXl0YzfuUPu4SBg=
github.com/golang/protobuf v1.3.1/go.mod h1:6lQm79b+lXiMfvg/cZm0SGofjICqVBUtrP5yJMmIC1U=
github.com/neuling/gopus v0.0.0-20200617161709-292e80cbfafd h1:KYqRMOXwO5P3ngt43VGxmzxLQdMELL5bz0ym00jLNLY=
github.com/neuling/gopus v0.0.0-20200617161709-292e80cbfafd/go.mod h1:9qwj0cIYyH4xsiC33NwD7IDKFuleWckv4mQ/58CKCYw=
